
Microsoft Visual Studio Solution File, Format Version 12.00
# Visual Studio Version 16
VisualStudioVersion = 16.0.30907.101
MinimumVisualStudioVersion = 10.0.40219.1
Project("{8BC9CEB8-8B4A-11D0-8D11-00A0C91BC942}") = "Simple neyroset", "Simple neyroset\Simple neyroset.vcxproj", "{F181CC82-3B6D-44DF-B10A-B024B1FBAC7B}"
EndProject
Global
	GlobalSection(SolutionConfigurationPlatforms) = preSolution
		Debug|x64 = Debug|x64
		Debug|x86 = Debug|x86
		Release|x64 = Release|x64
		Release|x86 = Release|x86
	EndGlobalSection
	GlobalSection(ProjectConfigurationPlatforms) = postSolution
		{F181CC82-3B6D-44DF-B10A-B024B1FBAC7B}.Debug|x64.ActiveCfg = Debug|x64
		{F181CC82-3B6D-44DF-B10A-B024B1FBAC7B}.Debug|x64.Build.0 = Debug|x64
		{F181CC82-3B6D-44DF-B10A-B024B1FBAC7B}.Debug|x86.ActiveCfg = Debug|Win32
		{F181CC82-3B6D-44DF-B10A-B024B1FBAC7B}.Debug|x86.Build.0 = Debug|Win32
		{F181CC82-3B6D-44DF-B10A-B024B1FBAC7B}.Release|x64.ActiveCfg = Release|x64
		{F181CC82-3B6D-44DF-B10A-B024B1FBAC7B}.Release|x64.Build.0 = Release|x64
		{F181CC82-3B6D-44DF-B10A-B024B1FBAC7B}.Release|x86.ActiveCfg = Release|Win32
		{F181CC82-3B6D-44DF-B10A-B024B1FBAC7B}.Release|x86.Build.0 = Release|Win32
	EndGlobalSection
	GlobalSection(SolutionProperties) = preSolution
		HideSolutionNode = FALSE
	EndGlobalSection
	GlobalSection(ExtensibilityGlobals) = postSolution
		SolutionGuid = {5FC79C71-3026-48D7-9E97-91A48EAC5489}
	EndGlobalSection
EndGlobal
